# This file was autogenerated by Stack.
# You should not edit this file by hand.
# For more information, please see the documentation at:
#   https://docs.haskellstack.org/en/stable/lock_files

packages: []
snapshots:
- completed:
    sha256: f749167ba2a9ff2fcd0434bbd76a17a277572e90798617bc024d40a5324ce2af
    size: 616346
    url: https://raw.githubusercontent.com/commercialhaskell/stackage-snapshots/master/nightly/2022/7/7.yaml
  original: nightly-2022-07-07
