# This file was autogenerated by Stack.
# You should not edit this file by hand.
# For more information, please see the documentation at:
#   https://docs.haskellstack.org/en/stable/lock_files

packages:
- completed:
    hackage: env-guard-0.2@sha256:59410eed9b9ddbd115760a59c7170927320d8612e414701d323a0c8985c97523,1251
    pantry-tree:
      sha256: c8135d95be0df0ce63d0ee398af20e38f505153032b32c4ab0e8f0f615501d46
      size: 419
  original:
    hackage: env-guard-0.2@sha256:59410eed9b9ddbd115760a59c7170927320d8612e414701d323a0c8985c97523,1251
snapshots:
- completed:
    sha256: 03cec7d96ed78877b03b5c2bc5e31015b47f69af2fe6a62d994a42b7a43c5805
    size: 648659
    url: https://raw.githubusercontent.com/commercialhaskell/stackage-snapshots/master/lts/20/3.yaml
  original: lts-20.3
